
Microsoft Visual Studio Solution File, Format Version 12.00
# Visual Studio 15
VisualStudioVersion = 15.0.26430.15
MinimumVisualStudioVersion = 10.0.40219.1
Project("{FAE04EC0-301F-11D3-BF4B-00C04F79EFBC}") = "StockOrderBook", "StockOrderBook\StockOrderBook.csproj", "{FBF2EAEA-CF64-46F7-8B42-AEF886B3F03B}"
EndProject
Project("{FAE04EC0-301F-11D3-BF4B-00C04F79EFBC}") = "EOrderBook.View", "EOrderBook.View\EOrderBook.View.csproj", "{3C7E0736-D75B-4AC5-AD7D-53229F94B061}"
EndProject
Project("{FAE04EC0-301F-11D3-BF4B-00C04F79EFBC}") = "EOrderBook.ViewModel", "EOrderBook.ViewModel\EOrderBook.ViewModel.csproj", "{6A3574DA-F276-4AEF-A6B4-E2C4B9A12760}"
EndProject
Project("{FAE04EC0-301F-11D3-BF4B-00C04F79EFBC}") = "ExchangeBuilder", "ExchangeBuilder\ExchangeBuilder.csproj", "{352CD9A7-7651-4A96-8186-373628710495}"
EndProject
Project("{FAE04EC0-301F-11D3-BF4B-00C04F79EFBC}") = "EOrderBook.Entities", "EOrderBook.Entities\EOrderBook.Entities.csproj", "{AA926866-5AAA-4604-B370-B612DBBE9760}"
EndProject
Global
	GlobalSection(SolutionConfigurationPlatforms) = preSolution
		Debug|Any CPU = Debug|Any CPU
		Release|Any CPU = Release|Any CPU
	EndGlobalSection
	GlobalSection(ProjectConfigurationPlatforms) = postSolution
		{FBF2EAEA-CF64-46F7-8B42-AEF886B3F03B}.Debug|Any CPU.ActiveCfg = Debug|Any CPU
		{FBF2EAEA-CF64-46F7-8B42-AEF886B3F03B}.Debug|Any CPU.Build.0 = Debug|Any CPU
		{FBF2EAEA-CF64-46F7-8B42-AEF886B3F03B}.Release|Any CPU.ActiveCfg = Release|Any CPU
		{FBF2EAEA-CF64-46F7-8B42-AEF886B3F03B}.Release|Any CPU.Build.0 = Release|Any CPU
		{3C7E0736-D75B-4AC5-AD7D-53229F94B061}.Debug|Any CPU.ActiveCfg = Debug|Any CPU
		{3C7E0736-D75B-4AC5-AD7D-53229F94B061}.Debug|Any CPU.Build.0 = Debug|Any CPU
		{3C7E0736-D75B-4AC5-AD7D-53229F94B061}.Release|Any CPU.ActiveCfg = Release|Any CPU
		{3C7E0736-D75B-4AC5-AD7D-53229F94B061}.Release|Any CPU.Build.0 = Release|Any CPU
		{6A3574DA-F276-4AEF-A6B4-E2C4B9A12760}.Debug|Any CPU.ActiveCfg = Debug|Any CPU
		{6A3574DA-F276-4AEF-A6B4-E2C4B9A12760}.Debug|Any CPU.Build.0 = Debug|Any CPU
		{6A3574DA-F276-4AEF-A6B4-E2C4B9A12760}.Release|Any CPU.ActiveCfg = Release|Any CPU
		{6A3574DA-F276-4AEF-A6B4-E2C4B9A12760}.Release|Any CPU.Build.0 = Release|Any CPU
		{352CD9A7-7651-4A96-8186-373628710495}.Debug|Any CPU.ActiveCfg = Debug|Any CPU
		{352CD9A7-7651-4A96-8186-373628710495}.Debug|Any CPU.Build.0 = Debug|Any CPU
		{352CD9A7-7651-4A96-8186-373628710495}.Release|Any CPU.ActiveCfg = Release|Any CPU
		{352CD9A7-7651-4A96-8186-373628710495}.Release|Any CPU.Build.0 = Release|Any CPU
		{AA926866-5AAA-4604-B370-B612DBBE9760}.Debug|Any CPU.ActiveCfg = Debug|Any CPU
		{AA926866-5AAA-4604-B370-B612DBBE9760}.Debug|Any CPU.Build.0 = Debug|Any CPU
		{AA926866-5AAA-4604-B370-B612DBBE9760}.Release|Any CPU.ActiveCfg = Release|Any CPU
		{AA926866-5AAA-4604-B370-B612DBBE9760}.Release|Any CPU.Build.0 = Release|Any CPU
	EndGlobalSection
	GlobalSection(SolutionProperties) = preSolution
		HideSolutionNode = FALSE
	EndGlobalSection
EndGlobal
